// !$*UTF8*$!
{
	archiveVersion = 1;
	classes = {
	};
	objectVersion = 77;
	objects = {

/* Begin PBXContainerItemProxy section */
		A10000612F55000100ABC7A7 /* PBXContainerItemProxy */ = {
			isa = PBXContainerItemProxy;
			containerPortal = D7D6EFAC2F547E8600ABC7A7 /* Project object */;
			proxyType = 1;
			remoteGlobalIDString = D7D6EFB32F547E8600ABC7A7;
			remoteInfo = FocusNow;
		};
/* End PBXContainerItemProxy section */

/* Begin PBXFileReference section */
		A10000012F55000100ABC7A7 /* FocusNowTests.xctest */ = {isa = PBXFileReference; explicitFileType = wrapper.cfbundle; includeInIndex = 0; path = FocusNowTests.xctest; sourceTree = BUILT_PRODUCTS_DIR; };
		A10000022F55000100ABC7A7 /* FocusNowUITests.xctest */ = {isa = PBXFileReference; explicitFileType = wrapper.cfbundle; includeInIndex = 0; path = FocusNowUITests.xctest; sourceTree = BUILT_PRODUCTS_DIR; };
		D7D6EFB42F547E8600ABC7A7 /* FocusNow.app */ = {isa = PBXFileReference; explicitFileType = wrapper.application; includeInIndex = 0; path = FocusNow.app; sourceTree = BUILT_PRODUCTS_DIR; };
/* End PBXFileReference section */

/* Begin PBXFileSystemSynchronizedRootGroup section */
		A10000112F55000100ABC7A7 /* FocusNowTests */ = {
			isa = PBXFileSystemSynchronizedRootGroup;
			path = FocusNowTests;
			sourceTree = "<group>";
		};
		A10000122F55000100ABC7A7 /* FocusNowUITests */ = {
			isa = PBXFileSystemSynchronizedRootGroup;
			path = FocusNowUITests;
			sourceTree = "<group>";
		};
		D7D6EFB62F547E8600ABC7A7 /* FocusNow */ = {
			isa = PBXFileSystemSynchronizedRootGroup;
			path = FocusNow;
			sourceTree = "<group>";
		};
/* End PBXFileSystemSynchronizedRootGroup section */

/* Begin PBXFrameworksBuildPhase section */
		A10000212F55000100ABC7A7 /* Frameworks */ = {
			isa = PBXFrameworksBuildPhase;
			buildActionMask = 2147483647;
			files = (
			);
			runOnlyForDeploymentPostprocessing = 0;
		};
		A10000222F55000100ABC7A7 /* Frameworks */ = {
			isa = PBXFrameworksBuildPhase;
			buildActionMask = 2147483647;
			files = (
			);
			runOnlyForDeploymentPostprocessing = 0;
		};
		D7D6EFB12F547E8600ABC7A7 /* Frameworks */ = {
			isa = PBXFrameworksBuildPhase;
			buildActionMask = 2147483647;
			files = (
			);
			runOnlyForDeploymentPostprocessing = 0;
		};
/* End PBXFrameworksBuildPhase section */

/* Begin PBXGroup section */
		D7D6EFAB2F547E8600ABC7A7 = {
			isa = PBXGroup;
			children = (
				D7D6EFB62F547E8600ABC7A7 /* FocusNow */,
				A10000112F55000100ABC7A7 /* FocusNowTests */,
				A10000122F55000100ABC7A7 /* FocusNowUITests */,
				D7D6EFB52F547E8600ABC7A7 /* Products */,
			);
			sourceTree = "<group>";
		};
		D7D6EFB52F547E8600ABC7A7 /* Products */ = {
			isa = PBXGroup;
			children = (
				D7D6EFB42F547E8600ABC7A7 /* FocusNow.app */,
				A10000012F55000100ABC7A7 /* FocusNowTests.xctest */,
				A10000022F55000100ABC7A7 /* FocusNowUITests.xctest */,
			);
			name = Products;
			sourceTree = "<group>";
		};
/* End PBXGroup section */

/* Begin PBXNativeTarget section */
		A10000512F55000100ABC7A7 /* FocusNowTests */ = {
			isa = PBXNativeTarget;
			buildConfigurationList = A100008112F55000100ABC7A7 /* Build configuration list for PBXNativeTarget "FocusNowTests" */;
			buildPhases = (
				A10000412F55000100ABC7A7 /* Sources */,
				A10000212F55000100ABC7A7 /* Frameworks */,
				A10000312F55000100ABC7A7 /* Resources */,
			);
			buildRules = (
			);
			dependencies = (
				A10000632F55000100ABC7A7 /* PBXTargetDependency */,
			);
			fileSystemSynchronizedGroups = (
				A10000112F55000100ABC7A7 /* FocusNowTests */,
			);
			name = FocusNowTests;
			packageProductDependencies = (
			);
			productName = FocusNowTests;
			productReference = A10000012F55000100ABC7A7 /* FocusNowTests.xctest */;
			productType = "com.apple.product-type.bundle.unit-test";
		};
		A10000522F55000100ABC7A7 /* FocusNowUITests */ = {
			isa = PBXNativeTarget;
			buildConfigurationList = A100008212F55000100ABC7A7 /* Build configuration list for PBXNativeTarget "FocusNowUITests" */;
			buildPhases = (
				A10000422F55000100ABC7A7 /* Sources */,
				A10000222F55000100ABC7A7 /* Frameworks */,
				A10000322F55000100ABC7A7 /* Resources */,
			);
			buildRules = (
			);
			dependencies = (
				A10000622F55000100ABC7A7 /* PBXTargetDependency */,
			);
			fileSystemSynchronizedGroups = (
				A10000122F55000100ABC7A7 /* FocusNowUITests */,
			);
			name = FocusNowUITests;
			packageProductDependencies = (
			);
			productName = FocusNowUITests;
			productReference = A10000022F55000100ABC7A7 /* FocusNowUITests.xctest */;
			productType = "com.apple.product-type.bundle.ui-testing";
		};
		D7D6EFB32F547E8600ABC7A7 /* FocusNow */ = {
			isa = PBXNativeTarget;
			buildConfigurationList = D7D6EFBF2F547E8700ABC7A7 /* Build configuration list for PBXNativeTarget "FocusNow" */;
			buildPhases = (
				D7D6EFB02F547E8600ABC7A7 /* Sources */,
				D7D6EFB12F547E8600ABC7A7 /* Frameworks */,
				D7D6EFB22F547E8600ABC7A7 /* Resources */,
			);
			buildRules = (
			);
			dependencies = (
			);
			fileSystemSynchronizedGroups = (
				D7D6EFB62F547E8600ABC7A7 /* FocusNow */,
			);
			name = FocusNow;
			packageProductDependencies = (
			);
			productName = FocusNow;
			productReference = D7D6EFB42F547E8600ABC7A7 /* FocusNow.app */;
			productType = "com.apple.product-type.application";
		};
/* End PBXNativeTarget section */

/* Begin PBXProject section */
		D7D6EFAC2F547E8600ABC7A7 /* Project object */ = {
			isa = PBXProject;
			attributes = {
				BuildIndependentTargetsInParallel = 1;
				LastSwiftUpdateCheck = 2630;
				LastUpgradeCheck = 2630;
				TargetAttributes = {
					A10000512F55000100ABC7A7 = {
						CreatedOnToolsVersion = 26.3;
						DevelopmentTeam = 66ZPJ7RLR9;
						TestTargetID = D7D6EFB32F547E8600ABC7A7;
					};
					A10000522F55000100ABC7A7 = {
						CreatedOnToolsVersion = 26.3;
						DevelopmentTeam = 66ZPJ7RLR9;
						TestTargetID = D7D6EFB32F547E8600ABC7A7;
					};
					D7D6EFB32F547E8600ABC7A7 = {
						CreatedOnToolsVersion = 26.3;
						DevelopmentTeam = 66ZPJ7RLR9;
					};
				};
			};
			buildConfigurationList = D7D6EFAF2F547E8600ABC7A7 /* Build configuration list for PBXProject "FocusNow" */;
			developmentRegion = en;
			hasScannedForEncodings = 0;
			knownRegions = (
				en,
				Base,
			);
			mainGroup = D7D6EFAB2F547E8600ABC7A7;
			minimizedProjectReferenceProxies = 1;
			preferredProjectObjectVersion = 77;
			productRefGroup = D7D6EFB52F547E8600ABC7A7 /* Products */;
			projectDirPath = "";
			projectRoot = "";
			targets = (
				D7D6EFB32F547E8600ABC7A7 /* FocusNow */,
				A10000512F55000100ABC7A7 /* FocusNowTests */,
				A10000522F55000100ABC7A7 /* FocusNowUITests */,
			);
		};
/* End PBXProject section */

/* Begin PBXResourcesBuildPhase section */
		A10000312F55000100ABC7A7 /* Resources */ = {
			isa = PBXResourcesBuildPhase;
			buildActionMask = 2147483647;
			files = (
			);
			runOnlyForDeploymentPostprocessing = 0;
		};
		A10000322F55000100ABC7A7 /* Resources */ = {
			isa = PBXResourcesBuildPhase;
			buildActionMask = 2147483647;
			files = (
			);
			runOnlyForDeploymentPostprocessing = 0;
		};
		D7D6EFB22F547E8600ABC7A7 /* Resources */ = {
			isa = PBXResourcesBuildPhase;
			buildActionMask = 2147483647;
			files = (
			);
			runOnlyForDeploymentPostprocessing = 0;
		};
/* End PBXResourcesBuildPhase section */

/* Begin PBXSourcesBuildPhase section */
		A10000412F55000100ABC7A7 /* Sources */ = {
			isa = PBXSourcesBuildPhase;
			buildActionMask = 2147483647;
			files = (
			);
			runOnlyForDeploymentPostprocessing = 0;
		};
		A10000422F55000100ABC7A7 /* Sources */ = {
			isa = PBXSourcesBuildPhase;
			buildActionMask = 2147483647;
			files = (
			);
			runOnlyForDeploymentPostprocessing = 0;
		};
		D7D6EFB02F547E8600ABC7A7 /* Sources */ = {
			isa = PBXSourcesBuildPhase;
			buildActionMask = 2147483647;
			files = (
			);
			runOnlyForDeploymentPostprocessing = 0;
		};
/* End PBXSourcesBuildPhase section */

/* Begin PBXTargetDependency section */
		A10000622F55000100ABC7A7 /* PBXTargetDependency */ = {
			isa = PBXTargetDependency;
			target = D7D6EFB32F547E8600ABC7A7 /* FocusNow */;
			targetProxy = A10000612F55000100ABC7A7 /* PBXContainerItemProxy */;
		};
		A10000632F55000100ABC7A7 /* PBXTargetDependency */ = {
			isa = PBXTargetDependency;
			target = D7D6EFB32F547E8600ABC7A7 /* FocusNow */;
			targetProxy = A10000612F55000100ABC7A7 /* PBXContainerItemProxy */;
		};
/* End PBXTargetDependency section */

/* Begin XCBuildConfiguration section */
		A100007112F55000100ABC7A7 /* Debug */ = {
			isa = XCBuildConfiguration;
			buildSettings = {
				BUNDLE_LOADER = "$(TEST_HOST)";
				CODE_SIGN_STYLE = Automatic;
				CURRENT_PROJECT_VERSION = 1;
				DEVELOPMENT_TEAM = 66ZPJ7RLR9;
				GENERATE_INFOPLIST_FILE = YES;
				LD_RUNPATH_SEARCH_PATHS = (
					"$(inherited)",
					"@executable_path/../Frameworks",
					"@loader_path/../Frameworks",
				);
				MACOSX_DEPLOYMENT_TARGET = 14.0;
				MARKETING_VERSION = 1.0;
				PRODUCT_BUNDLE_IDENTIFIER = com.leonard.FocusNowTests;
				PRODUCT_NAME = "$(TARGET_NAME)";
				STRING_CATALOG_GENERATE_SYMBOLS = YES;
				SWIFT_EMIT_LOC_STRINGS = NO;
				SWIFT_VERSION = 5.0;
				TEST_HOST = "$(BUILT_PRODUCTS_DIR)/FocusNow.app/Contents/MacOS/FocusNow";
			};
			name = Debug;
		};
		A100007122F55000100ABC7A7 /* Release */ = {
			isa = XCBuildConfiguration;
			buildSettings = {
				BUNDLE_LOADER = "$(TEST_HOST)";
				CODE_SIGN_STYLE = Automatic;
				CURRENT_PROJECT_VERSION = 1;
				DEVELOPMENT_TEAM = 66ZPJ7RLR9;
				GENERATE_INFOPLIST_FILE = YES;
				LD_RUNPATH_SEARCH_PATHS = (
					"$(inherited)",
					"@executable_path/../Frameworks",
					"@loader_path/../Frameworks",
				);
				MACOSX_DEPLOYMENT_TARGET = 14.0;
				MARKETING_VERSION = 1.0;
				PRODUCT_BUNDLE_IDENTIFIER = com.leonard.FocusNowTests;
				PRODUCT_NAME = "$(TARGET_NAME)";
				STRING_CATALOG_GENERATE_SYMBOLS = YES;
				SWIFT_EMIT_LOC_STRINGS = NO;
				SWIFT_VERSION = 5.0;
				TEST_HOST = "$(BUILT_PRODUCTS_DIR)/FocusNow.app/Contents/MacOS/FocusNow";
			};
			name = Release;
		};
		A100007212F55000100ABC7A7 /* Debug */ = {
			isa = XCBuildConfiguration;
			buildSettings = {
				CODE_SIGN_STYLE = Automatic;
				CURRENT_PROJECT_VERSION = 1;
				DEVELOPMENT_TEAM = 66ZPJ7RLR9;
				GENERATE_INFOPLIST_FILE = YES;
				MACOSX_DEPLOYMENT_TARGET = 14.0;
				MARKETING_VERSION = 1.0;
				PRODUCT_BUNDLE_IDENTIFIER = com.leonard.FocusNowUITests;
				PRODUCT_NAME = "$(TARGET_NAME)";
				STRING_CATALOG_GENERATE_SYMBOLS = YES;
				SWIFT_EMIT_LOC_STRINGS = NO;
				SWIFT_VERSION = 5.0;
				TEST_TARGET_NAME = FocusNow;
			};
			name = Debug;
		};
		A100007222F55000100ABC7A7 /* Release */ = {
			isa = XCBuildConfiguration;
			buildSettings = {
				CODE_SIGN_STYLE = Automatic;
				CURRENT_PROJECT_VERSION = 1;
				DEVELOPMENT_TEAM = 66ZPJ7RLR9;
				GENERATE_INFOPLIST_FILE = YES;
				MACOSX_DEPLOYMENT_TARGET = 14.0;
				MARKETING_VERSION = 1.0;
				PRODUCT_BUNDLE_IDENTIFIER = com.leonard.FocusNowUITests;
				PRODUCT_NAME = "$(TARGET_NAME)";
				STRING_CATALOG_GENERATE_SYMBOLS = YES;
				SWIFT_EMIT_LOC_STRINGS = NO;
				SWIFT_VERSION = 5.0;
				TEST_TARGET_NAME = FocusNow;
			};
			name = Release;
		};
		D7D6EFBD2F547E8700ABC7A7 /* Debug */ = {
			isa = XCBuildConfiguration;
			buildSettings = {
				ALWAYS_SEARCH_USER_PATHS = NO;
				ASSETCATALOG_COMPILER_GENERATE_SWIFT_ASSET_SYMBOL_EXTENSIONS = YES;
				CLANG_ANALYZER_NONNULL = YES;
				CLANG_ANALYZER_NUMBER_OBJECT_CONVERSION = YES_AGGRESSIVE;
				CLANG_CXX_LANGUAGE_STANDARD = "gnu++20";
				CLANG_ENABLE_MODULES = YES;
				CLANG_ENABLE_OBJC_ARC = YES;
				CLANG_ENABLE_OBJC_WEAK = YES;
				CLANG_WARN_BLOCK_CAPTURE_AUTORELEASING = YES;
				CLANG_WARN_BOOL_CONVERSION = YES;
				CLANG_WARN_COMMA = YES;
				CLANG_WARN_CONSTANT_CONVERSION = YES;
				CLANG_WARN_DEPRECATED_OBJC_IMPLEMENTATIONS = YES;
				CLANG_WARN_DIRECT_OBJC_ISA_USAGE = YES_ERROR;
				CLANG_WARN_DOCUMENTATION_COMMENTS = YES;
				CLANG_WARN_EMPTY_BODY = YES;
				CLANG_WARN_ENUM_CONVERSION = YES;
				CLANG_WARN_INFINITE_RECURSION = YES;
				CLANG_WARN_INT_CONVERSION = YES;
				CLANG_WARN_NON_LITERAL_NULL_CONVERSION = YES;
				CLANG_WARN_OBJC_IMPLICIT_RETAIN_SELF = YES;
				CLANG_WARN_OBJC_LITERAL_CONVERSION = YES;
				CLANG_WARN_OBJC_ROOT_CLASS = YES_ERROR;
				CLANG_WARN_QUOTED_INCLUDE_IN_FRAMEWORK_HEADER = YES;
				CLANG_WARN_RANGE_LOOP_ANALYSIS = YES;
				CLANG_WARN_STRICT_PROTOTYPES = YES;
				CLANG_WARN_SUSPICIOUS_MOVE = YES;
				CLANG_WARN_UNGUARDED_AVAILABILITY = YES_AGGRESSIVE;
				CLANG_WARN_UNREACHABLE_CODE = YES;
				CLANG_WARN__DUPLICATE_METHOD_MATCH = YES;
				COPY_PHASE_STRIP = NO;
				DEBUG_INFORMATION_FORMAT = dwarf;
				ENABLE_STRICT_OBJC_MSGSEND = YES;
				ENABLE_TESTABILITY = YES;
				ENABLE_USER_SCRIPT_SANDBOXING = YES;
				GCC_C_LANGUAGE_STANDARD = gnu17;
				GCC_DYNAMIC_NO_PIC = NO;
				GCC_NO_COMMON_BLOCKS = YES;
				GCC_OPTIMIZATION_LEVEL = 0;
				GCC_PREPROCESSOR_DEFINITIONS = (
					"DEBUG=1",
					"$(inherited)",
				);
				GCC_WARN_64_TO_32_BIT_CONVERSION = YES;
				GCC_WARN_ABOUT_RETURN_TYPE = YES_ERROR;
				GCC_WARN_UNDECLARED_SELECTOR = YES;
				GCC_WARN_UNINITIALIZED_AUTOS = YES_AGGRESSIVE;
				GCC_WARN_UNUSED_FUNCTION = YES;
				GCC_WARN_UNUSED_VARIABLE = YES;
				LOCALIZATION_PREFERS_STRING_CATALOGS = YES;
				MACOSX_DEPLOYMENT_TARGET = 14.0;
				MTL_ENABLE_DEBUG_INFO = INCLUDE_SOURCE;
				MTL_FAST_MATH = YES;
				ONLY_ACTIVE_ARCH = YES;
				SDKROOT = macosx;
				SWIFT_ACTIVE_COMPILATION_CONDITIONS = "DEBUG $(inherited)";
				SWIFT_OPTIMIZATION_LEVEL = "-Onone";
			};
			name = Debug;
		};
		D7D6EFBE2F547E8700ABC7A7 /* Release */ = {
			isa = XCBuildConfiguration;
			buildSettings = {
				ALWAYS_SEARCH_USER_PATHS = NO;
				ASSETCATALOG_COMPILER_GENERATE_SWIFT_ASSET_SYMBOL_EXTENSIONS = YES;
				CLANG_ANALYZER_NONNULL = YES;
				CLANG_ANALYZER_NUMBER_OBJECT_CONVERSION = YES_AGGRESSIVE;
				CLANG_CXX_LANGUAGE_STANDARD = "gnu++20";
				CLANG_ENABLE_MODULES = YES;
				CLANG_ENABLE_OBJC_ARC = YES;
				CLANG_ENABLE_OBJC_WEAK = YES;
				CLANG_WARN_BLOCK_CAPTURE_AUTORELEASING = YES;
				CLANG_WARN_BOOL_CONVERSION = YES;
				CLANG_WARN_COMMA = YES;
				CLANG_WARN_CONSTANT_CONVERSION = YES;
				CLANG_WARN_DEPRECATED_OBJC_IMPLEMENTATIONS = YES;
				CLANG_WARN_DIRECT_OBJC_ISA_USAGE = YES_ERROR;
				CLANG_WARN_DOCUMENTATION_COMMENTS = YES;
				CLANG_WARN_EMPTY_BODY = YES;
				CLANG_WARN_ENUM_CONVERSION = YES;
				CLANG_WARN_INFINITE_RECURSION = YES;
				CLANG_WARN_INT_CONVERSION = YES;
				CLANG_WARN_NON_LITERAL_NULL_CONVERSION = YES;
				CLANG_WARN_OBJC_IMPLICIT_RETAIN_SELF = YES;
				CLANG_WARN_OBJC_LITERAL_CONVERSION = YES;
				CLANG_WARN_OBJC_ROOT_CLASS = YES_ERROR;
				CLANG_WARN_QUOTED_INCLUDE_IN_FRAMEWORK_HEADER = YES;
				CLANG_WARN_RANGE_LOOP_ANALYSIS = YES;
				CLANG_WARN_STRICT_PROTOTYPES = YES;
				CLANG_WARN_SUSPICIOUS_MOVE = YES;
				CLANG_WARN_UNGUARDED_AVAILABILITY = YES_AGGRESSIVE;
				CLANG_WARN_UNREACHABLE_CODE = YES;
				CLANG_WARN__DUPLICATE_METHOD_MATCH = YES;
				COPY_PHASE_STRIP = NO;
				DEBUG_INFORMATION_FORMAT = "dwarf-with-dsym";
				ENABLE_NS_ASSERTIONS = NO;
				ENABLE_STRICT_OBJC_MSGSEND = YES;
				ENABLE_USER_SCRIPT_SANDBOXING = YES;
				GCC_C_LANGUAGE_STANDARD = gnu17;
				GCC_NO_COMMON_BLOCKS = YES;
				GCC_WARN_64_TO_32_BIT_CONVERSION = YES;
				GCC_WARN_ABOUT_RETURN_TYPE = YES_ERROR;
				GCC_WARN_UNDECLARED_SELECTOR = YES;
				GCC_WARN_UNINITIALIZED_AUTOS = YES_AGGRESSIVE;
				GCC_WARN_UNUSED_FUNCTION = YES;
				GCC_WARN_UNUSED_VARIABLE = YES;
				LOCALIZATION_PREFERS_STRING_CATALOGS = YES;
				MACOSX_DEPLOYMENT_TARGET = 14.0;
				MTL_ENABLE_DEBUG_INFO = NO;
				MTL_FAST_MATH = YES;
				SDKROOT = macosx;
				SWIFT_COMPILATION_MODE = wholemodule;
			};
			name = Release;
		};
		D7D6EFC02F547E8700ABC7A7 /* Debug */ = {
			isa = XCBuildConfiguration;
			buildSettings = {
				ASSETCATALOG_COMPILER_APPICON_NAME = AppIcon;
				ASSETCATALOG_COMPILER_GLOBAL_ACCENT_COLOR_NAME = AccentColor;
				CODE_SIGN_STYLE = Automatic;
				COMBINE_HIDPI_IMAGES = YES;
				CURRENT_PROJECT_VERSION = 1;
				DEVELOPMENT_TEAM = 66ZPJ7RLR9;
				ENABLE_APP_SANDBOX = NO;
				ENABLE_HARDENED_RUNTIME = YES;
				ENABLE_PREVIEWS = YES;
				ENABLE_USER_SELECTED_FILES = readonly;
				GENERATE_INFOPLIST_FILE = NO;
				INFOPLIST_FILE = "FocusNow-Info.plist";
				INFOPLIST_KEY_CFBundleDisplayName = FocusNow;
				INFOPLIST_KEY_LSApplicationCategoryType = "public.app-category.productivity";
				INFOPLIST_KEY_NSHumanReadableCopyright = "";
				LD_RUNPATH_SEARCH_PATHS = (
					"$(inherited)",
					"@executable_path/../Frameworks",
				);
				MACOSX_DEPLOYMENT_TARGET = 14.0;
				MARKETING_VERSION = 1.0;
				PRODUCT_BUNDLE_IDENTIFIER = com.leonard.FocusNow;
				PRODUCT_NAME = "$(TARGET_NAME)";
				REGISTER_APP_GROUPS = YES;
				STRING_CATALOG_GENERATE_SYMBOLS = YES;
				SWIFT_APPROACHABLE_CONCURRENCY = YES;
				SWIFT_DEFAULT_ACTOR_ISOLATION = MainActor;
				SWIFT_EMIT_LOC_STRINGS = YES;
				SWIFT_UPCOMING_FEATURE_MEMBER_IMPORT_VISIBILITY = YES;
				SWIFT_VERSION = 5.0;
			};
			name = Debug;
		};
		D7D6EFC12F547E8700ABC7A7 /* Release */ = {
			isa = XCBuildConfiguration;
			buildSettings = {
				ASSETCATALOG_COMPILER_APPICON_NAME = AppIcon;
				ASSETCATALOG_COMPILER_GLOBAL_ACCENT_COLOR_NAME = AccentColor;
				CODE_SIGN_STYLE = Automatic;
				COMBINE_HIDPI_IMAGES = YES;
				CURRENT_PROJECT_VERSION = 1;
				DEVELOPMENT_TEAM = 66ZPJ7RLR9;
				ENABLE_APP_SANDBOX = NO;
				ENABLE_HARDENED_RUNTIME = YES;
				ENABLE_PREVIEWS = YES;
				ENABLE_USER_SELECTED_FILES = readonly;
				GENERATE_INFOPLIST_FILE = NO;
				INFOPLIST_FILE = "FocusNow-Info.plist";
				INFOPLIST_KEY_CFBundleDisplayName = FocusNow;
				INFOPLIST_KEY_LSApplicationCategoryType = "public.app-category.productivity";
				INFOPLIST_KEY_NSHumanReadableCopyright = "";
				LD_RUNPATH_SEARCH_PATHS = (
					"$(inherited)",
					"@executable_path/../Frameworks",
				);
				MACOSX_DEPLOYMENT_TARGET = 14.0;
				MARKETING_VERSION = 1.0;
				PRODUCT_BUNDLE_IDENTIFIER = com.leonard.FocusNow;
				PRODUCT_NAME = "$(TARGET_NAME)";
				REGISTER_APP_GROUPS = YES;
				STRING_CATALOG_GENERATE_SYMBOLS = YES;
				SWIFT_APPROACHABLE_CONCURRENCY = YES;
				SWIFT_DEFAULT_ACTOR_ISOLATION = MainActor;
				SWIFT_EMIT_LOC_STRINGS = YES;
				SWIFT_UPCOMING_FEATURE_MEMBER_IMPORT_VISIBILITY = YES;
				SWIFT_VERSION = 5.0;
			};
			name = Release;
		};
/* End XCBuildConfiguration section */

/* Begin XCConfigurationList section */
		A100008112F55000100ABC7A7 /* Build configuration list for PBXNativeTarget "FocusNowTests" */ = {
			isa = XCConfigurationList;
			buildConfigurations = (
				A100007112F55000100ABC7A7 /* Debug */,
				A100007122F55000100ABC7A7 /* Release */,
			);
			defaultConfigurationIsVisible = 0;
			defaultConfigurationName = Release;
		};
		A100008212F55000100ABC7A7 /* Build configuration list for PBXNativeTarget "FocusNowUITests" */ = {
			isa = XCConfigurationList;
			buildConfigurations = (
				A100007212F55000100ABC7A7 /* Debug */,
				A100007222F55000100ABC7A7 /* Release */,
			);
			defaultConfigurationIsVisible = 0;
			defaultConfigurationName = Release;
		};
		D7D6EFAF2F547E8600ABC7A7 /* Build configuration list for PBXProject "FocusNow" */ = {
			isa = XCConfigurationList;
			buildConfigurations = (
				D7D6EFBD2F547E8700ABC7A7 /* Debug */,
				D7D6EFBE2F547E8700ABC7A7 /* Release */,
			);
			defaultConfigurationIsVisible = 0;
			defaultConfigurationName = Release;
		};
		D7D6EFBF2F547E8700ABC7A7 /* Build configuration list for PBXNativeTarget "FocusNow" */ = {
			isa = XCConfigurationList;
			buildConfigurations = (
				D7D6EFC02F547E8700ABC7A7 /* Debug */,
				D7D6EFC12F547E8700ABC7A7 /* Release */,
			);
			defaultConfigurationIsVisible = 0;
			defaultConfigurationName = Release;
		};
/* End XCConfigurationList section */
	};
	rootObject = D7D6EFAC2F547E8600ABC7A7 /* Project object */;
}
